
Microsoft Visual Studio Solution File, Format Version 12.00
Project("{FAE04EC0-301F-11D3-BF4B-00C04F79EFBC}") = "Nameless.Domain", "Nameless.Domain\Nameless.Domain.csproj", "{7C29EE40-3EE4-40F8-82D9-40FAED8B2F85}"
EndProject
Project("{FAE04EC0-301F-11D3-BF4B-00C04F79EFBC}") = "Nameless.Infrastructure", "Nameless.Infrastructure\Nameless.Infrastructure.csproj", "{CF14FE0F-4BCC-4C47-9F4E-963AECB82935}"
EndProject
Project("{FAE04EC0-301F-11D3-BF4B-00C04F79EFBC}") = "Nameless.Api", "Nameless.Api\Nameless.Api.csproj", "{50AE3AD1-DAEB-4BAA-AFD7-74317A7D6F14}"
EndProject
Project("{FAE04EC0-301F-11D3-BF4B-00C04F79EFBC}") = "Nameless.UnitTest", "Nameless.UnitTest\Nameless.UnitTest.csproj", "{4A101D41-DEB1-410A-935A-4605E3D521F9}"
EndProject
Project("{2150E333-8FDC-42A3-9474-1A3956D46DE8}") = "src", "src", "{15B73B43-C6AF-40A3-AC17-06869253BD77}"
EndProject
Project("{2150E333-8FDC-42A3-9474-1A3956D46DE8}") = "test", "test", "{1538BC01-48CA-4D9F-9ABD-590567C2E18F}"
EndProject
Global
	GlobalSection(SolutionConfigurationPlatforms) = preSolution
		Debug|Any CPU = Debug|Any CPU
		Release|Any CPU = Release|Any CPU
	EndGlobalSection
	GlobalSection(ProjectConfigurationPlatforms) = postSolution
		{7C29EE40-3EE4-40F8-82D9-40FAED8B2F85}.Debug|Any CPU.ActiveCfg = Debug|Any CPU
		{7C29EE40-3EE4-40F8-82D9-40FAED8B2F85}.Debug|Any CPU.Build.0 = Debug|Any CPU
		{7C29EE40-3EE4-40F8-82D9-40FAED8B2F85}.Release|Any CPU.ActiveCfg = Release|Any CPU
		{7C29EE40-3EE4-40F8-82D9-40FAED8B2F85}.Release|Any CPU.Build.0 = Release|Any CPU
		{CF14FE0F-4BCC-4C47-9F4E-963AECB82935}.Debug|Any CPU.ActiveCfg = Debug|Any CPU
		{CF14FE0F-4BCC-4C47-9F4E-963AECB82935}.Debug|Any CPU.Build.0 = Debug|Any CPU
		{CF14FE0F-4BCC-4C47-9F4E-963AECB82935}.Release|Any CPU.ActiveCfg = Release|Any CPU
		{CF14FE0F-4BCC-4C47-9F4E-963AECB82935}.Release|Any CPU.Build.0 = Release|Any CPU
		{50AE3AD1-DAEB-4BAA-AFD7-74317A7D6F14}.Debug|Any CPU.ActiveCfg = Debug|Any CPU
		{50AE3AD1-DAEB-4BAA-AFD7-74317A7D6F14}.Debug|Any CPU.Build.0 = Debug|Any CPU
		{50AE3AD1-DAEB-4BAA-AFD7-74317A7D6F14}.Release|Any CPU.ActiveCfg = Release|Any CPU
		{50AE3AD1-DAEB-4BAA-AFD7-74317A7D6F14}.Release|Any CPU.Build.0 = Release|Any CPU
		{4A101D41-DEB1-410A-935A-4605E3D521F9}.Debug|Any CPU.ActiveCfg = Debug|Any CPU
		{4A101D41-DEB1-410A-935A-4605E3D521F9}.Debug|Any CPU.Build.0 = Debug|Any CPU
		{4A101D41-DEB1-410A-935A-4605E3D521F9}.Release|Any CPU.ActiveCfg = Release|Any CPU
		{4A101D41-DEB1-410A-935A-4605E3D521F9}.Release|Any CPU.Build.0 = Release|Any CPU
	EndGlobalSection
	GlobalSection(NestedProjects) = preSolution
		{50AE3AD1-DAEB-4BAA-AFD7-74317A7D6F14} = {15B73B43-C6AF-40A3-AC17-06869253BD77}
		{7C29EE40-3EE4-40F8-82D9-40FAED8B2F85} = {15B73B43-C6AF-40A3-AC17-06869253BD77}
		{CF14FE0F-4BCC-4C47-9F4E-963AECB82935} = {15B73B43-C6AF-40A3-AC17-06869253BD77}
		{4A101D41-DEB1-410A-935A-4605E3D521F9} = {1538BC01-48CA-4D9F-9ABD-590567C2E18F}
	EndGlobalSection
EndGlobal
