
Microsoft Visual Studio Solution File, Format Version 12.00
Project("{FAE04EC0-301F-11D3-BF4B-00C04F79EFBC}") = "Nameless.Domain", "Nameless.Domain\Nameless.Domain.csproj", "{7C29EE40-3EE4-40F8-82D9-40FAED8B2F85}"
EndProject
Project("{FAE04EC0-301F-11D3-BF4B-00C04F79EFBC}") = "Nameless.Infrastructure", "Nameless.Infrastructure\Nameless.Infrastructure.csproj", "{CF14FE0F-4BCC-4C47-9F4E-963AECB82935}"
EndProject
Project("{FAE04EC0-301F-11D3-BF4B-00C04F79EFBC}") = "Nameless.Api", "Nameless.Api\Nameless.Api.csproj", "{50AE3AD1-DAEB-4BAA-AFD7-74317A7D6F14}"
EndProject
Global
	GlobalSection(SolutionConfigurationPlatforms) = preSolution
		Debug|Any CPU = Debug|Any CPU
		Release|Any CPU = Release|Any CPU
	EndGlobalSection
	GlobalSection(ProjectConfigurationPlatforms) = postSolution
		{7C29EE40-3EE4-40F8-82D9-40FAED8B2F85}.Debug|Any CPU.ActiveCfg = Debug|Any CPU
		{7C29EE40-3EE4-40F8-82D9-40FAED8B2F85}.Debug|Any CPU.Build.0 = Debug|Any CPU
		{7C29EE40-3EE4-40F8-82D9-40FAED8B2F85}.Release|Any CPU.ActiveCfg = Release|Any CPU
		{7C29EE40-3EE4-40F8-82D9-40FAED8B2F85}.Release|Any CPU.Build.0 = Release|Any CPU
		{CF14FE0F-4BCC-4C47-9F4E-963AECB82935}.Debug|Any CPU.ActiveCfg = Debug|Any CPU
		{CF14FE0F-4BCC-4C47-9F4E-963AECB82935}.Debug|Any CPU.Build.0 = Debug|Any CPU
		{CF14FE0F-4BCC-4C47-9F4E-963AECB82935}.Release|Any CPU.ActiveCfg = Release|Any CPU
		{CF14FE0F-4BCC-4C47-9F4E-963AECB82935}.Release|Any CPU.Build.0 = Release|Any CPU
		{50AE3AD1-DAEB-4BAA-AFD7-74317A7D6F14}.Debug|Any CPU.ActiveCfg = Debug|Any CPU
		{50AE3AD1-DAEB-4BAA-AFD7-74317A7D6F14}.Debug|Any CPU.Build.0 = Debug|Any CPU
		{50AE3AD1-DAEB-4BAA-AFD7-74317A7D6F14}.Release|Any CPU.ActiveCfg = Release|Any CPU
		{50AE3AD1-DAEB-4BAA-AFD7-74317A7D6F14}.Release|Any CPU.Build.0 = Release|Any CPU
	EndGlobalSection
EndGlobal
